
Microsoft Visual Studio Solution File, Format Version 12.00
# Visual Studio Version 17
VisualStudioVersion = 17.10.35027.167
MinimumVisualStudioVersion = 10.0.40219.1
Project("{8BC9CEB8-8B4A-11D0-8D11-00A0C91BC942}") = "test7-30", "test7-30\test7-30.vcxproj", "{B5F35A8E-B582-41E5-B116-EA75FA98BDBB}"
EndProject
Project("{2150E333-8FDC-42A3-9474-1A3956D46DE8}") = "解决方案项", "解决方案项", "{97553E14-702B-4AE7-89BD-94FB741660B2}"
EndProject
Global
	GlobalSection(SolutionConfigurationPlatforms) = preSolution
		Debug|x64 = Debug|x64
		Debug|x86 = Debug|x86
		Release|x64 = Release|x64
		Release|x86 = Release|x86
	EndGlobalSection
	GlobalSection(ProjectConfigurationPlatforms) = postSolution
		{B5F35A8E-B582-41E5-B116-EA75FA98BDBB}.Debug|x64.ActiveCfg = Debug|x64
		{B5F35A8E-B582-41E5-B116-EA75FA98BDBB}.Debug|x64.Build.0 = Debug|x64
		{B5F35A8E-B582-41E5-B116-EA75FA98BDBB}.Debug|x86.ActiveCfg = Debug|Win32
		{B5F35A8E-B582-41E5-B116-EA75FA98BDBB}.Debug|x86.Build.0 = Debug|Win32
		{B5F35A8E-B582-41E5-B116-EA75FA98BDBB}.Release|x64.ActiveCfg = Release|x64
		{B5F35A8E-B582-41E5-B116-EA75FA98BDBB}.Release|x64.Build.0 = Release|x64
		{B5F35A8E-B582-41E5-B116-EA75FA98BDBB}.Release|x86.ActiveCfg = Release|Win32
		{B5F35A8E-B582-41E5-B116-EA75FA98BDBB}.Release|x86.Build.0 = Release|Win32
	EndGlobalSection
	GlobalSection(SolutionProperties) = preSolution
		HideSolutionNode = FALSE
	EndGlobalSection
	GlobalSection(ExtensibilityGlobals) = postSolution
		SolutionGuid = {0DD3D220-F141-450F-A72E-D068A8471C45}
	EndGlobalSection
EndGlobal
